
Microsoft Visual Studio Solution File, Format Version 12.00
# Visual Studio Version 17
VisualStudioVersion = 17.4.33103.184
MinimumVisualStudioVersion = 10.0.40219.1
Project("{FAE04EC0-301F-11D3-BF4B-00C04F79EFBC}") = "DST.Android", "DST.Android\DST.Android.csproj", "{2655FB46-3354-4F71-A743-5386CBAC0561}"
EndProject
Project("{FAE04EC0-301F-11D3-BF4B-00C04F79EFBC}") = "DST", "DST\DST.csproj", "{71AD729E-524E-49E8-9BA0-DF8C0AF81FA7}"
EndProject
Global
	GlobalSection(SolutionConfigurationPlatforms) = preSolution
		Debug|Any CPU = Debug|Any CPU
		Release|Any CPU = Release|Any CPU
	EndGlobalSection
	GlobalSection(ProjectConfigurationPlatforms) = postSolution
		{2655FB46-3354-4F71-A743-5386CBAC0561}.Debug|Any CPU.ActiveCfg = Debug|Any CPU
		{2655FB46-3354-4F71-A743-5386CBAC0561}.Debug|Any CPU.Build.0 = Debug|Any CPU
		{2655FB46-3354-4F71-A743-5386CBAC0561}.Debug|Any CPU.Deploy.0 = Debug|Any CPU
		{2655FB46-3354-4F71-A743-5386CBAC0561}.Release|Any CPU.ActiveCfg = Release|Any CPU
		{2655FB46-3354-4F71-A743-5386CBAC0561}.Release|Any CPU.Build.0 = Release|Any CPU
		{2655FB46-3354-4F71-A743-5386CBAC0561}.Release|Any CPU.Deploy.0 = Release|Any CPU
		{71AD729E-524E-49E8-9BA0-DF8C0AF81FA7}.Debug|Any CPU.ActiveCfg = Debug|Any CPU
		{71AD729E-524E-49E8-9BA0-DF8C0AF81FA7}.Debug|Any CPU.Build.0 = Debug|Any CPU
		{71AD729E-524E-49E8-9BA0-DF8C0AF81FA7}.Debug|Any CPU.Deploy.0 = Debug|Any CPU
		{71AD729E-524E-49E8-9BA0-DF8C0AF81FA7}.Release|Any CPU.ActiveCfg = Release|Any CPU
		{71AD729E-524E-49E8-9BA0-DF8C0AF81FA7}.Release|Any CPU.Build.0 = Release|Any CPU
		{71AD729E-524E-49E8-9BA0-DF8C0AF81FA7}.Release|Any CPU.Deploy.0 = Release|Any CPU
	EndGlobalSection
	GlobalSection(SolutionProperties) = preSolution
		HideSolutionNode = FALSE
	EndGlobalSection
	GlobalSection(ExtensibilityGlobals) = postSolution
		SolutionGuid = {9390500A-7AD4-4B1F-85ED-45C0BBF2EAF1}
	EndGlobalSection
EndGlobal
